dependencies:
- name: postgresql
  repository: https://charts.bitnami.com/bitnami
  version: 16.7.27
- name: redis
  repository: https://charts.bitnami.com/bitnami
  version: 20.13.4
- name: minio
  repository: https://charts.bitnami.com/bitnami
  version: 17.0.21
- name: keycloak
  repository: https://charts.bitnami.com/bitnami
  version: 25.2.0
digest: sha256:74660ac87ea27e2a0a0149bcaada6191716f9703adb3b9232dcd0b12c65ffa7f
generated: "2026-09-17T02:22:43.761819008Z"
